
Microsoft Visual Studio Solution File, Format Version 12.00
# Visual Studio Version 16
VisualStudioVersion = 16.0.31702.278
MinimumVisualStudioVersion = 10.0.40219.1
Project("{FAE04EC0-301F-11D3-BF4B-00C04F79EFBC}") = "UnityExtansions", "UnityExtansions\UnityExtansions.csproj", "{813FC6F3-485F-4D1F-8BEB-9C54E30B4BF3}"
EndProject
Project("{FAE04EC0-301F-11D3-BF4B-00C04F79EFBC}") = "NET Framework Extensions", "NET Framework Extensions\NET Framework Extensions.csproj", "{B2DB832B-9605-4371-B135-1BDBBD8AD601}"
EndProject
Project("{FAE04EC0-301F-11D3-BF4B-00C04F79EFBC}") = "UnityExtensions-Editor", "UnityExtensions-Editor\UnityExtensions-Editor.csproj", "{C46D259A-BD18-45A9-93E6-912D11199008}"
EndProject
Global
	GlobalSection(SolutionConfigurationPlatforms) = preSolution
		Debug|Any CPU = Debug|Any CPU
		Release|Any CPU = Release|Any CPU
	EndGlobalSection
	GlobalSection(ProjectConfigurationPlatforms) = postSolution
		{813FC6F3-485F-4D1F-8BEB-9C54E30B4BF3}.Debug|Any CPU.ActiveCfg = Debug|Any CPU
		{813FC6F3-485F-4D1F-8BEB-9C54E30B4BF3}.Debug|Any CPU.Build.0 = Debug|Any CPU
		{813FC6F3-485F-4D1F-8BEB-9C54E30B4BF3}.Release|Any CPU.ActiveCfg = Release|Any CPU
		{813FC6F3-485F-4D1F-8BEB-9C54E30B4BF3}.Release|Any CPU.Build.0 = Release|Any CPU
		{B2DB832B-9605-4371-B135-1BDBBD8AD601}.Debug|Any CPU.ActiveCfg = Debug|Any CPU
		{B2DB832B-9605-4371-B135-1BDBBD8AD601}.Debug|Any CPU.Build.0 = Debug|Any CPU
		{B2DB832B-9605-4371-B135-1BDBBD8AD601}.Release|Any CPU.ActiveCfg = Release|Any CPU
		{B2DB832B-9605-4371-B135-1BDBBD8AD601}.Release|Any CPU.Build.0 = Release|Any CPU
		{C46D259A-BD18-45A9-93E6-912D11199008}.Debug|Any CPU.ActiveCfg = Debug|Any CPU
		{C46D259A-BD18-45A9-93E6-912D11199008}.Debug|Any CPU.Build.0 = Debug|Any CPU
		{C46D259A-BD18-45A9-93E6-912D11199008}.Release|Any CPU.ActiveCfg = Release|Any CPU
		{C46D259A-BD18-45A9-93E6-912D11199008}.Release|Any CPU.Build.0 = Release|Any CPU
	EndGlobalSection
	GlobalSection(SolutionProperties) = preSolution
		HideSolutionNode = FALSE
	EndGlobalSection
	GlobalSection(ExtensibilityGlobals) = postSolution
		SolutionGuid = {EAA8233A-9C3F-4B8B-B088-F8922125F338}
	EndGlobalSection
EndGlobal
